// !$*UTF8*$!
{
	archiveVersion = 1;
	classes = {
	};
	objectVersion = 50;
	objects = {

/* Begin PBXBuildFile section */
		771EC2C6260379CB0067C605 /* DialogSpriteComponents.swift in Sources */ = {isa = PBXBuildFile; fileRef = 771EC2C5260379CB0067C605 /* DialogSpriteComponents.swift */; };
		774E12D32608E4D600CEFDAE /* FirstPuzzle.swift in Sources */ = {isa = PBXBuildFile; fileRef = 774E12D22608E4D600CEFDAE /* FirstPuzzle.swift */; };
		77558CE525FF8E08003A74ED /* Configuration.storyboard in Resources */ = {isa = PBXBuildFile; fileRef = 77558CE425FF8E08003A74ED /* Configuration.storyboard */; };
		77558CED25FF8EFE003A74ED /* ConfigurationViewController.swift in Sources */ = {isa = PBXBuildFile; fileRef = 77558CEC25FF8EFE003A74ED /* ConfigurationViewController.swift */; };
		7788F0692600DF1000E0A76A /* PartOne.json in Resources */ = {isa = PBXBuildFile; fileRef = 7788F0682600DF1000E0A76A /* PartOne.json */; };
		7788F06E2600DF3600E0A76A /* PartTwo.json in Resources */ = {isa = PBXBuildFile; fileRef = 7788F06D2600DF3600E0A76A /* PartTwo.json */; };
		7788F0732600DF6F00E0A76A /* Introduction.json in Resources */ = {isa = PBXBuildFile; fileRef = 7788F0722600DF6F00E0A76A /* Introduction.json */; };
		7788F07B2600DF9100E0A76A /* PartThree.json in Resources */ = {isa = PBXBuildFile; fileRef = 7788F07A2600DF9100E0A76A /* PartThree.json */; };
		7788F0802600DFA600E0A76A /* PartFour.json in Resources */ = {isa = PBXBuildFile; fileRef = 7788F07F2600DFA600E0A76A /* PartFour.json */; };
		7788F0852600DFB900E0A76A /* PartFive.json in Resources */ = {isa = PBXBuildFile; fileRef = 7788F0842600DFB900E0A76A /* PartFive.json */; };
		7788F0952600E30200E0A76A /* History.swift in Sources */ = {isa = PBXBuildFile; fileRef = 7788F0942600E30200E0A76A /* History.swift */; };
		7788F09A2600E39F00E0A76A /* HistoryData.swift in Sources */ = {isa = PBXBuildFile; fileRef = 7788F0992600E39F00E0A76A /* HistoryData.swift */; };
		7788F0A22600E84F00E0A76A /* HIstoryDataTests.swift in Sources */ = {isa = PBXBuildFile; fileRef = 7788F0A12600E84F00E0A76A /* HIstoryDataTests.swift */; };
		77956C3F25FBB142001B0789 /* EarthScene.swift in Sources */ = {isa = PBXBuildFile; fileRef = 77956C3E25FBB142001B0789 /* EarthScene.swift */; };
		77956C4425FBB1A2001B0789 /* GameViewController.swift in Sources */ = {isa = PBXBuildFile; fileRef = 77956C4325FBB1A2001B0789 /* GameViewController.swift */; };
		77956C4925FBB1D0001B0789 /* CharacterBoat.swift in Sources */ = {isa = PBXBuildFile; fileRef = 77956C4825FBB1D0001B0789 /* CharacterBoat.swift */; };
		77956C4E25FBB1FE001B0789 /* Sea.swift in Sources */ = {isa = PBXBuildFile; fileRef = 77956C4D25FBB1FE001B0789 /* Sea.swift */; };
		77956C5325FBB265001B0789 /* Background.swift in Sources */ = {isa = PBXBuildFile; fileRef = 77956C5225FBB265001B0789 /* Background.swift */; };
		77956C5825FBB27F001B0789 /* Rain.swift in Sources */ = {isa = PBXBuildFile; fileRef = 77956C5725FBB27F001B0789 /* Rain.swift */; };
		77956C5D25FBB297001B0789 /* Toten.swift in Sources */ = {isa = PBXBuildFile; fileRef = 77956C5C25FBB297001B0789 /* Toten.swift */; };
		77956C6225FBB2AB001B0789 /* Dialog.swift in Sources */ = {isa = PBXBuildFile; fileRef = 77956C6125FBB2AB001B0789 /* Dialog.swift */; };
		77956C6725FBB338001B0789 /* SoundComponent.swift in Sources */ = {isa = PBXBuildFile; fileRef = 77956C6625FBB338001B0789 /* SoundComponent.swift */; };
		77956C6C25FBB356001B0789 /* PlayerControlComponent.swift in Sources */ = {isa = PBXBuildFile; fileRef = 77956C6B25FBB356001B0789 /* PlayerControlComponent.swift */; };
		77956C7125FBB370001B0789 /* CharacterBoatAnimatedComponent.swift in Sources */ = {isa = PBXBuildFile; fileRef = 77956C7025FBB370001B0789 /* CharacterBoatAnimatedComponent.swift */; };
		77956C7625FBB389001B0789 /* SeaAnimatedComponent.swift in Sources */ = {isa = PBXBuildFile; fileRef = 77956C7525FBB389001B0789 /* SeaAnimatedComponent.swift */; };
		77956C7B25FBB39D001B0789 /* RainAnimatedComponent.swift in Sources */ = {isa = PBXBuildFile; fileRef = 77956C7A25FBB39D001B0789 /* RainAnimatedComponent.swift */; };
		77956C8325FBB3D1001B0789 /* DialogsComponent.swift in Sources */ = {isa = PBXBuildFile; fileRef = 77956C8225FBB3D1001B0789 /* DialogsComponent.swift */; };
		77956C8825FBB3EB001B0789 /* SensorialComponent.swift in Sources */ = {isa = PBXBuildFile; fileRef = 77956C8725FBB3EB001B0789 /* SensorialComponent.swift */; };
		77956C9225FBB456001B0789 /* EnceladusScene.swift in Sources */ = {isa = PBXBuildFile; fileRef = 77956C9125FBB456001B0789 /* EnceladusScene.swift */; };
		77956C9825FBB50B001B0789 /* EarthSystem.swift in Sources */ = {isa = PBXBuildFile; fileRef = 77956C9725FBB50B001B0789 /* EarthSystem.swift */; };
		77956CA025FBB53B001B0789 /* EnceladusSystem.swift in Sources */ = {isa = PBXBuildFile; fileRef = 77956C9F25FBB53B001B0789 /* EnceladusSystem.swift */; };
		7798DE85260238BF00F2913C /* DialogsComponentTests.swift in Sources */ = {isa = PBXBuildFile; fileRef = 7798DE84260238BF00F2913C /* DialogsComponentTests.swift */; };
		77BB721A26012DB600847E55 /* Fonts.swift in Sources */ = {isa = PBXBuildFile; fileRef = 77BB721926012DB600847E55 /* Fonts.swift */; };
		77BB721E26012E8B00847E55 /* SueEllenFrancisco-Regular.ttf in Resources */ = {isa = PBXBuildFile; fileRef = 775E0A7F2600FD1D00E32308 /* SueEllenFrancisco-Regular.ttf */; };
		77BB722226012E8D00847E55 /* SueEllenFrancisco-Regular.ttf in Resources */ = {isa = PBXBuildFile; fileRef = 775E0A7F2600FD1D00E32308 /* SueEllenFrancisco-Regular.ttf */; };
		E2176DC026022935004ED113 /* menuMusic.mp3 in Resources */ = {isa = PBXBuildFile; fileRef = E2176DBF26022935004ED113 /* menuMusic.mp3 */; };
		E2176DCB26022D3F004ED113 /* comse2.mp3 in Resources */ = {isa = PBXBuildFile; fileRef = E2176DC926022D3F004ED113 /* comse2.mp3 */; };
		E2176DCC26022D3F004ED113 /* startMusic.mp3 in Resources */ = {isa = PBXBuildFile; fileRef = E2176DCA26022D3F004ED113 /* startMusic.mp3 */; };
		E256DDDB260240D200E5E8B9 /* Colors.swift in Sources */ = {isa = PBXBuildFile; fileRef = E256DDDA260240D200E5E8B9 /* Colors.swift */; };
		E256DDEF26038F5800E5E8B9 /* DynamicBackgroundComponent.swift in Sources */ = {isa = PBXBuildFile; fileRef = E256DDEE26038F5800E5E8B9 /* DynamicBackgroundComponent.swift */; };
		E2703D9E25FB8E9B00F374BA /* AppDelegate.swift in Sources */ = {isa = PBXBuildFile; fileRef = E2703D9D25FB8E9B00F374BA /* AppDelegate.swift */; };
		E2703DA025FB8E9B00F374BA /* SceneDelegate.swift in Sources */ = {isa = PBXBuildFile; fileRef = E2703D9F25FB8E9B00F374BA /* SceneDelegate.swift */; };
		E2703DA225FB8E9B00F374BA /* MenuViewController.swift in Sources */ = {isa = PBXBuildFile; fileRef = E2703DA125FB8E9B00F374BA /* MenuViewController.swift */; };
		E2703DA525FB8E9B00F374BA /* Menu.storyboard in Resources */ = {isa = PBXBuildFile; fileRef = E2703DA325FB8E9B00F374BA /* Menu.storyboard */; };
		E2703DA725FB8E9C00F374BA /* Assets.xcassets in Resources */ = {isa = PBXBuildFile; fileRef = E2703DA625FB8E9C00F374BA /* Assets.xcassets */; };
		E2703DAA25FB8E9C00F374BA /* LaunchScreen.storyboard in Resources */ = {isa = PBXBuildFile; fileRef = E2703DA825FB8E9C00F374BA /* LaunchScreen.storyboard */; };
		E2703DC025FB8E9D00F374BA /* BraveryOfQwanoesUITests.swift in Sources */ = {isa = PBXBuildFile; fileRef = E2703DBF25FB8E9D00F374BA /* BraveryOfQwanoesUITests.swift */; };
/* End PBXBuildFile section */

/* Begin PBXContainerItemProxy section */
		E2703DB125FB8E9D00F374BA /* PBXContainerItemProxy */ = {
			isa = PBXContainerItemProxy;
			containerPortal = E2703D9225FB8E9B00F374BA /* Project object */;
			proxyType = 1;
			remoteGlobalIDString = E2703D9925FB8E9B00F374BA;
			remoteInfo = BraveryOfQwanoes;
		};
		E2703DBC25FB8E9D00F374BA /* PBXContainerItemProxy */ = {
			isa = PBXContainerItemProxy;
			containerPortal = E2703D9225FB8E9B00F374BA /* Project object */;
			proxyType = 1;
			remoteGlobalIDString = E2703D9925FB8E9B00F374BA;
			remoteInfo = BraveryOfQwanoes;
		};
/* End PBXContainerItemProxy section */

/* Begin PBXFileReference section */
		771EC2C5260379CB0067C605 /* DialogSpriteComponents.swift */ = {isa = PBXFileReference; lastKnownFileType = sourcecode.swift; path = DialogSpriteComponents.swift; sourceTree = "<group>"; };
		774E12D22608E4D600CEFDAE /* FirstPuzzle.swift */ = {isa = PBXFileReference; lastKnownFileType = sourcecode.swift; path = FirstPuzzle.swift; sourceTree = "<group>"; };
		77558CE425FF8E08003A74ED /* Configuration.storyboard */ = {isa = PBXFileReference; lastKnownFileType = file.storyboard; path = Configuration.storyboard; sourceTree = "<group>"; };
		77558CEC25FF8EFE003A74ED /* ConfigurationViewController.swift */ = {isa = PBXFileReference; lastKnownFileType = sourcecode.swift; path = ConfigurationViewController.swift; sourceTree = "<group>"; };
		775E0A7F2600FD1D00E32308 /* SueEllenFrancisco-Regular.ttf */ = {isa = PBXFileReference; lastKnownFileType = file; path = "SueEllenFrancisco-Regular.ttf"; sourceTree = "<group>"; };
		7788F0682600DF1000E0A76A /* PartOne.json */ = {isa = PBXFileReference; lastKnownFileType = text.json; path = PartOne.json; sourceTree = "<group>"; };
		7788F06D2600DF3600E0A76A /* PartTwo.json */ = {isa = PBXFileReference; lastKnownFileType = text.json; path = PartTwo.json; sourceTree = "<group>"; };
		7788F0722600DF6F00E0A76A /* Introduction.json */ = {isa = PBXFileReference; lastKnownFileType = text.json; path = Introduction.json; sourceTree = "<group>"; };
		7788F07A2600DF9100E0A76A /* PartThree.json */ = {isa = PBXFileReference; lastKnownFileType = text.json; path = PartThree.json; sourceTree = "<group>"; };
		7788F07F2600DFA600E0A76A /* PartFour.json */ = {isa = PBXFileReference; lastKnownFileType = text.json; path = PartFour.json; sourceTree = "<group>"; };
		7788F0842600DFB900E0A76A /* PartFive.json */ = {isa = PBXFileReference; lastKnownFileType = text.json; path = PartFive.json; sourceTree = "<group>"; };
		7788F0942600E30200E0A76A /* History.swift */ = {isa = PBXFileReference; lastKnownFileType = sourcecode.swift; path = History.swift; sourceTree = "<group>"; };
		7788F0992600E39F00E0A76A /* HistoryData.swift */ = {isa = PBXFileReference; lastKnownFileType = sourcecode.swift; path = HistoryData.swift; sourceTree = "<group>"; };
		7788F0A12600E84F00E0A76A /* HIstoryDataTests.swift */ = {isa = PBXFileReference; lastKnownFileType = sourcecode.swift; path = HIstoryDataTests.swift; sourceTree = "<group>"; };
		77956C3E25FBB142001B0789 /* EarthScene.swift */ = {isa = PBXFileReference; lastKnownFileType = sourcecode.swift; path = EarthScene.swift; sourceTree = "<group>"; };
		77956C4325FBB1A2001B0789 /* GameViewController.swift */ = {isa = PBXFileReference; lastKnownFileType = sourcecode.swift; path = GameViewController.swift; sourceTree = "<group>"; };
		77956C4825FBB1D0001B0789 /* CharacterBoat.swift */ = {isa = PBXFileReference; lastKnownFileType = sourcecode.swift; path = CharacterBoat.swift; sourceTree = "<group>"; };
		77956C4D25FBB1FE001B0789 /* Sea.swift */ = {isa = PBXFileReference; lastKnownFileType = sourcecode.swift; path = Sea.swift; sourceTree = "<group>"; };
		77956C5225FBB265001B0789 /* Background.swift */ = {isa = PBXFileReference; lastKnownFileType = sourcecode.swift; path = Background.swift; sourceTree = "<group>"; };
		77956C5725FBB27F001B0789 /* Rain.swift */ = {isa = PBXFileReference; lastKnownFileType = sourcecode.swift; path = Rain.swift; sourceTree = "<group>"; };
		77956C5C25FBB297001B0789 /* Toten.swift */ = {isa = PBXFileReference; lastKnownFileType = sourcecode.swift; path = Toten.swift; sourceTree = "<group>"; };
		77956C6125FBB2AB001B0789 /* Dialog.swift */ = {isa = PBXFileReference; lastKnownFileType = sourcecode.swift; path = Dialog.swift; sourceTree = "<group>"; };
		77956C6625FBB338001B0789 /* SoundComponent.swift */ = {isa = PBXFileReference; lastKnownFileType = sourcecode.swift; path = SoundComponent.swift; sourceTree = "<group>"; };
		77956C6B25FBB356001B0789 /* PlayerControlComponent.swift */ = {isa = PBXFileReference; lastKnownFileType = sourcecode.swift; path = PlayerControlComponent.swift; sourceTree = "<group>"; };
		77956C7025FBB370001B0789 /* CharacterBoatAnimatedComponent.swift */ = {isa = PBXFileReference; lastKnownFileType = sourcecode.swift; path = CharacterBoatAnimatedComponent.swift; sourceTree = "<group>"; };
		77956C7525FBB389001B0789 /* SeaAnimatedComponent.swift */ = {isa = PBXFileReference; lastKnownFileType = sourcecode.swift; path = SeaAnimatedComponent.swift; sourceTree = "<group>"; };
		77956C7A25FBB39D001B0789 /* RainAnimatedComponent.swift */ = {isa = PBXFileReference; lastKnownFileType = sourcecode.swift; path = RainAnimatedComponent.swift; sourceTree = "<group>"; };
		77956C8225FBB3D1001B0789 /* DialogsComponent.swift */ = {isa = PBXFileReference; lastKnownFileType = sourcecode.swift; path = DialogsComponent.swift; sourceTree = "<group>"; };
		77956C8725FBB3EB001B0789 /* SensorialComponent.swift */ = {isa = PBXFileReference; lastKnownFileType = sourcecode.swift; path = SensorialComponent.swift; sourceTree = "<group>"; };
		77956C9125FBB456001B0789 /* EnceladusScene.swift */ = {isa = PBXFileReference; lastKnownFileType = sourcecode.swift; path = EnceladusScene.swift; sourceTree = "<group>"; };
		77956C9725FBB50B001B0789 /* EarthSystem.swift */ = {isa = PBXFileReference; lastKnownFileType = sourcecode.swift; path = EarthSystem.swift; sourceTree = "<group>"; };
		77956C9F25FBB53B001B0789 /* EnceladusSystem.swift */ = {isa = PBXFileReference; lastKnownFileType = sourcecode.swift; path = EnceladusSystem.swift; sourceTree = "<group>"; };
		7798DE84260238BF00F2913C /* DialogsComponentTests.swift */ = {isa = PBXFileReference; lastKnownFileType = sourcecode.swift; path = DialogsComponentTests.swift; sourceTree = "<group>"; };
		77BB721926012DB600847E55 /* Fonts.swift */ = {isa = PBXFileReference; lastKnownFileType = sourcecode.swift; path = Fonts.swift; sourceTree = "<group>"; };
		E2176DBF26022935004ED113 /* menuMusic.mp3 */ = {isa = PBXFileReference; lastKnownFileType = audio.mp3; path = menuMusic.mp3; sourceTree = "<group>"; };
		E2176DC926022D3F004ED113 /* comse2.mp3 */ = {isa = PBXFileReference; lastKnownFileType = audio.mp3; path = comse2.mp3; sourceTree = "<group>"; };
		E2176DCA26022D3F004ED113 /* startMusic.mp3 */ = {isa = PBXFileReference; lastKnownFileType = audio.mp3; path = startMusic.mp3; sourceTree = "<group>"; };
		E256DDDA260240D200E5E8B9 /* Colors.swift */ = {isa = PBXFileReference; lastKnownFileType = sourcecode.swift; path = Colors.swift; sourceTree = "<group>"; };
		E256DDEE26038F5800E5E8B9 /* DynamicBackgroundComponent.swift */ = {isa = PBXFileReference; lastKnownFileType = sourcecode.swift; path = DynamicBackgroundComponent.swift; sourceTree = "<group>"; };
		E2703D9A25FB8E9B00F374BA /* BraveryOfQwanoes.app */ = {isa = PBXFileReference; explicitFileType = wrapper.application; includeInIndex = 0; path = BraveryOfQwanoes.app; sourceTree = BUILT_PRODUCTS_DIR; };
		E2703D9D25FB8E9B00F374BA /* AppDelegate.swift */ = {isa = PBXFileReference; lastKnownFileType = sourcecode.swift; path = AppDelegate.swift; sourceTree = "<group>"; };
		E2703D9F25FB8E9B00F374BA /* SceneDelegate.swift */ = {isa = PBXFileReference; lastKnownFileType = sourcecode.swift; path = SceneDelegate.swift; sourceTree = "<group>"; };
		E2703DA125FB8E9B00F374BA /* MenuViewController.swift */ = {isa = PBXFileReference; lastKnownFileType = sourcecode.swift; path = MenuViewController.swift; sourceTree = "<group>"; };
		E2703DA425FB8E9B00F374BA /* Base */ = {isa = PBXFileReference; lastKnownFileType = file.storyboard; name = Base; path = Base.lproj/Menu.storyboard; sourceTree = "<group>"; };
		E2703DA625FB8E9C00F374BA /* Assets.xcassets */ = {isa = PBXFileReference; lastKnownFileType = folder.assetcatalog; path = Assets.xcassets; sourceTree = "<group>"; };
		E2703DA925FB8E9C00F374BA /* Base */ = {isa = PBXFileReference; lastKnownFileType = file.storyboard; name = Base; path = Base.lproj/LaunchScreen.storyboard; sourceTree = "<group>"; };
		E2703DAB25FB8E9C00F374BA /* Info.plist */ = {isa = PBXFileReference; lastKnownFileType = text.plist.xml; path = Info.plist; sourceTree = "<group>"; };
		E2703DB025FB8E9D00F374BA /* BraveryOfQwanoesTests.xctest */ = {isa = PBXFileReference; explicitFileType = wrapper.cfbundle; includeInIndex = 0; path = BraveryOfQwanoesTests.xctest; sourceTree = BUILT_PRODUCTS_DIR; };
		E2703DB625FB8E9D00F374BA /* Info.plist */ = {isa = PBXFileReference; lastKnownFileType = text.plist.xml; path = Info.plist; sourceTree = "<group>"; };
		E2703DBB25FB8E9D00F374BA /* BraveryOfQwanoesUITests.xctest */ = {isa = PBXFileReference; explicitFileType = wrapper.cfbundle; includeInIndex = 0; path = BraveryOfQwanoesUITests.xctest; sourceTree = BUILT_PRODUCTS_DIR; };
		E2703DBF25FB8E9D00F374BA /* BraveryOfQwanoesUITests.swift */ = {isa = PBXFileReference; lastKnownFileType = sourcecode.swift; path = BraveryOfQwanoesUITests.swift; sourceTree = "<group>"; };
		E2703DC125FB8E9D00F374BA /* Info.plist */ = {isa = PBXFileReference; lastKnownFileType = text.plist.xml; path = Info.plist; sourceTree = "<group>"; };
/* End PBXFileReference section */

/* Begin PBXFrameworksBuildPhase section */
		E2703D9725FB8E9B00F374BA /* Frameworks */ = {
			isa = PBXFrameworksBuildPhase;
			buildActionMask = 2147483647;
			files = (
			);
			runOnlyForDeploymentPostprocessing = 0;
		};
		E2703DAD25FB8E9D00F374BA /* Frameworks */ = {
			isa = PBXFrameworksBuildPhase;
			buildActionMask = 2147483647;
			files = (
			);
			runOnlyForDeploymentPostprocessing = 0;
		};
		E2703DB825FB8E9D00F374BA /* Frameworks */ = {
			isa = PBXFrameworksBuildPhase;
			buildActionMask = 2147483647;
			files = (
			);
			runOnlyForDeploymentPostprocessing = 0;
		};
/* End PBXFrameworksBuildPhase section */

/* Begin PBXGroup section */
		775E0A862600FD5900E32308 /* Fonts */ = {
			isa = PBXGroup;
			children = (
				775E0A7F2600FD1D00E32308 /* SueEllenFrancisco-Regular.ttf */,
			);
			path = Fonts;
			sourceTree = "<group>";
		};
		7788F0632600DD7F00E0A76A /* Model */ = {
			isa = PBXGroup;
			children = (
				7788F0672600DEE200E0A76A /* History Data */,
				7788F0942600E30200E0A76A /* History.swift */,
				7788F0992600E39F00E0A76A /* HistoryData.swift */,
			);
			path = Model;
			sourceTree = "<group>";
		};
		7788F0672600DEE200E0A76A /* History Data */ = {
			isa = PBXGroup;
			children = (
				7788F0722600DF6F00E0A76A /* Introduction.json */,
				7788F0682600DF1000E0A76A /* PartOne.json */,
				7788F06D2600DF3600E0A76A /* PartTwo.json */,
				7788F07A2600DF9100E0A76A /* PartThree.json */,
				7788F07F2600DFA600E0A76A /* PartFour.json */,
				7788F0842600DFB900E0A76A /* PartFive.json */,
			);
			path = "History Data";
			sourceTree = "<group>";
		};
		77956C2125FBA85C001B0789 /* Shared */ = {
			isa = PBXGroup;
			children = (
				E2703D9D25FB8E9B00F374BA /* AppDelegate.swift */,
				E2703D9F25FB8E9B00F374BA /* SceneDelegate.swift */,
			);
			path = Shared;
			sourceTree = "<group>";
		};
		77956C2225FBA865001B0789 /* View */ = {
			isa = PBXGroup;
			children = (
				E2703DA825FB8E9C00F374BA /* LaunchScreen.storyboard */,
				E2703DA325FB8E9B00F374BA /* Menu.storyboard */,
				77558CE425FF8E08003A74ED /* Configuration.storyboard */,
			);
			path = View;
			sourceTree = "<group>";
		};
		77956C2325FBA86C001B0789 /* Controllers */ = {
			isa = PBXGroup;
			children = (
				E2703DA125FB8E9B00F374BA /* MenuViewController.swift */,
				77558CEC25FF8EFE003A74ED /* ConfigurationViewController.swift */,
				77956C4325FBB1A2001B0789 /* GameViewController.swift */,
			);
			path = Controllers;
			sourceTree = "<group>";
		};
		77956C2425FBA87A001B0789 /* Scenes */ = {
			isa = PBXGroup;
			children = (
				77956C3E25FBB142001B0789 /* EarthScene.swift */,
				77956C9125FBB456001B0789 /* EnceladusScene.swift */,
			);
			path = Scenes;
			sourceTree = "<group>";
		};
		77956C2525FBA886001B0789 /* Entity-Component */ = {
			isa = PBXGroup;
			children = (
				77956C3625FBAFFF001B0789 /* Entity */,
				77956C3725FBB008001B0789 /* Component */,
			);
			path = "Entity-Component";
			sourceTree = "<group>";
		};
		77956C2925FBA93A001B0789 /* Assets */ = {
			isa = PBXGroup;
			children = (
				775E0A862600FD5900E32308 /* Fonts */,
				E2703DA625FB8E9C00F374BA /* Assets.xcassets */,
			);
			path = Assets;
			sourceTree = "<group>";
		};
		77956C3625FBAFFF001B0789 /* Entity */ = {
			isa = PBXGroup;
			children = (
				77956C4825FBB1D0001B0789 /* CharacterBoat.swift */,
				77956C4D25FBB1FE001B0789 /* Sea.swift */,
				77956C5225FBB265001B0789 /* Background.swift */,
				77956C5725FBB27F001B0789 /* Rain.swift */,
				77956C5C25FBB297001B0789 /* Toten.swift */,
				77956C6125FBB2AB001B0789 /* Dialog.swift */,
				774E12D22608E4D600CEFDAE /* FirstPuzzle.swift */,
			);
			path = Entity;
			sourceTree = "<group>";
		};
		77956C3725FBB008001B0789 /* Component */ = {
			isa = PBXGroup;
			children = (
				77956C6625FBB338001B0789 /* SoundComponent.swift */,
				77956C6B25FBB356001B0789 /* PlayerControlComponent.swift */,
				E256DDEE26038F5800E5E8B9 /* DynamicBackgroundComponent.swift */,
				77956C7025FBB370001B0789 /* CharacterBoatAnimatedComponent.swift */,
				77956C7525FBB389001B0789 /* SeaAnimatedComponent.swift */,
				77956C7A25FBB39D001B0789 /* RainAnimatedComponent.swift */,
				77956C8225FBB3D1001B0789 /* DialogsComponent.swift */,
				771EC2C5260379CB0067C605 /* DialogSpriteComponents.swift */,
				77956C8725FBB3EB001B0789 /* SensorialComponent.swift */,
			);
			path = Component;
			sourceTree = "<group>";
		};
		77956C9625FBB484001B0789 /* System */ = {
			isa = PBXGroup;
			children = (
				77956C9725FBB50B001B0789 /* EarthSystem.swift */,
				77956C9F25FBB53B001B0789 /* EnceladusSystem.swift */,
			);
			path = System;
			sourceTree = "<group>";
		};
		77BB721826012D9B00847E55 /* Utils */ = {
			isa = PBXGroup;
			children = (
				77BB721926012DB600847E55 /* Fonts.swift */,
				E256DDDA260240D200E5E8B9 /* Colors.swift */,
			);
			path = Utils;
			sourceTree = "<group>";
		};
		E2176DC4260229AE004ED113 /* Sounds */ = {
			isa = PBXGroup;
			children = (
				E2176DC926022D3F004ED113 /* comse2.mp3 */,
				E2176DCA26022D3F004ED113 /* startMusic.mp3 */,
				E2176DBF26022935004ED113 /* menuMusic.mp3 */,
			);
			path = Sounds;
			sourceTree = "<group>";
		};
		E2703D9125FB8E9B00F374BA = {
			isa = PBXGroup;
			children = (
				E2703D9C25FB8E9B00F374BA /* BraveryOfQwanoes */,
				E2703DB325FB8E9D00F374BA /* BraveryOfQwanoesTests */,
				E2703DBE25FB8E9D00F374BA /* BraveryOfQwanoesUITests */,
				E2703D9B25FB8E9B00F374BA /* Products */,
			);
			sourceTree = "<group>";
		};
		E2703D9B25FB8E9B00F374BA /* Products */ = {
			isa = PBXGroup;
			children = (
				E2703D9A25FB8E9B00F374BA /* BraveryOfQwanoes.app */,
				E2703DB025FB8E9D00F374BA /* BraveryOfQwanoesTests.xctest */,
				E2703DBB25FB8E9D00F374BA /* BraveryOfQwanoesUITests.xctest */,
			);
			name = Products;
			sourceTree = "<group>";
		};
		E2703D9C25FB8E9B00F374BA /* BraveryOfQwanoes */ = {
			isa = PBXGroup;
			children = (
				77956C2225FBA865001B0789 /* View */,
				77956C2325FBA86C001B0789 /* Controllers */,
				77956C2425FBA87A001B0789 /* Scenes */,
				77956C2525FBA886001B0789 /* Entity-Component */,
				77956C9625FBB484001B0789 /* System */,
				7788F0632600DD7F00E0A76A /* Model */,
				77BB721826012D9B00847E55 /* Utils */,
				77956C2125FBA85C001B0789 /* Shared */,
				E2176DC4260229AE004ED113 /* Sounds */,
				77956C2925FBA93A001B0789 /* Assets */,
				E2703DAB25FB8E9C00F374BA /* Info.plist */,
			);
			path = BraveryOfQwanoes;
			sourceTree = "<group>";
		};
		E2703DB325FB8E9D00F374BA /* BraveryOfQwanoesTests */ = {
			isa = PBXGroup;
			children = (
				7788F0A12600E84F00E0A76A /* HIstoryDataTests.swift */,
				7798DE84260238BF00F2913C /* DialogsComponentTests.swift */,
				E2703DB625FB8E9D00F374BA /* Info.plist */,
			);
			path = BraveryOfQwanoesTests;
			sourceTree = "<group>";
		};
		E2703DBE25FB8E9D00F374BA /* BraveryOfQwanoesUITests */ = {
			isa = PBXGroup;
			children = (
				E2703DBF25FB8E9D00F374BA /* BraveryOfQwanoesUITests.swift */,
				E2703DC125FB8E9D00F374BA /* Info.plist */,
			);
			path = BraveryOfQwanoesUITests;
			sourceTree = "<group>";
		};
/* End PBXGroup section */

/* Begin PBXNativeTarget section */
		E2703D9925FB8E9B00F374BA /* BraveryOfQwanoes */ = {
			isa = PBXNativeTarget;
			buildConfigurationList = E2703DC425FB8E9D00F374BA /* Build configuration list for PBXNativeTarget "BraveryOfQwanoes" */;
			buildPhases = (
				E2703D9625FB8E9B00F374BA /* Sources */,
				E2703D9725FB8E9B00F374BA /* Frameworks */,
				E2703D9825FB8E9B00F374BA /* Resources */,
				E2703DD025FB991700F374BA /* ShellScript */,
			);
			buildRules = (
			);
			dependencies = (
			);
			name = BraveryOfQwanoes;
			productName = BraveryOfQwanoes;
			productReference = E2703D9A25FB8E9B00F374BA /* BraveryOfQwanoes.app */;
			productType = "com.apple.product-type.application";
		};
		E2703DAF25FB8E9D00F374BA /* BraveryOfQwanoesTests */ = {
			isa = PBXNativeTarget;
			buildConfigurationList = E2703DC725FB8E9D00F374BA /* Build configuration list for PBXNativeTarget "BraveryOfQwanoesTests" */;
			buildPhases = (
				E2703DAC25FB8E9D00F374BA /* Sources */,
				E2703DAD25FB8E9D00F374BA /* Frameworks */,
				E2703DAE25FB8E9D00F374BA /* Resources */,
			);
			buildRules = (
			);
			dependencies = (
				E2703DB225FB8E9D00F374BA /* PBXTargetDependency */,
			);
			name = BraveryOfQwanoesTests;
			productName = BraveryOfQwanoesTests;
			productReference = E2703DB025FB8E9D00F374BA /* BraveryOfQwanoesTests.xctest */;
			productType = "com.apple.product-type.bundle.unit-test";
		};
		E2703DBA25FB8E9D00F374BA /* BraveryOfQwanoesUITests */ = {
			isa = PBXNativeTarget;
			buildConfigurationList = E2703DCA25FB8E9D00F374BA /* Build configuration list for PBXNativeTarget "BraveryOfQwanoesUITests" */;
			buildPhases = (
				E2703DB725FB8E9D00F374BA /* Sources */,
				E2703DB825FB8E9D00F374BA /* Frameworks */,
				E2703DB925FB8E9D00F374BA /* Resources */,
			);
			buildRules = (
			);
			dependencies = (
				E2703DBD25FB8E9D00F374BA /* PBXTargetDependency */,
			);
			name = BraveryOfQwanoesUITests;
			productName = BraveryOfQwanoesUITests;
			productReference = E2703DBB25FB8E9D00F374BA /* BraveryOfQwanoesUITests.xctest */;
			productType = "com.apple.product-type.bundle.ui-testing";
		};
/* End PBXNativeTarget section */

/* Begin PBXProject section */
		E2703D9225FB8E9B00F374BA /* Project object */ = {
			isa = PBXProject;
			attributes = {
				LastSwiftUpdateCheck = 1240;
				LastUpgradeCheck = 1240;
				TargetAttributes = {
					E2703D9925FB8E9B00F374BA = {
						CreatedOnToolsVersion = 12.4;
					};
					E2703DAF25FB8E9D00F374BA = {
						CreatedOnToolsVersion = 12.4;
						LastSwiftMigration = 1240;
						TestTargetID = E2703D9925FB8E9B00F374BA;
					};
					E2703DBA25FB8E9D00F374BA = {
						CreatedOnToolsVersion = 12.4;
						TestTargetID = E2703D9925FB8E9B00F374BA;
					};
				};
			};
			buildConfigurationList = E2703D9525FB8E9B00F374BA /* Build configuration list for PBXProject "BraveryOfQwanoes" */;
			compatibilityVersion = "Xcode 9.3";
			developmentRegion = en;
			hasScannedForEncodings = 0;
			knownRegions = (
				en,
				Base,
			);
			mainGroup = E2703D9125FB8E9B00F374BA;
			productRefGroup = E2703D9B25FB8E9B00F374BA /* Products */;
			projectDirPath = "";
			projectRoot = "";
			targets = (
				E2703D9925FB8E9B00F374BA /* BraveryOfQwanoes */,
				E2703DAF25FB8E9D00F374BA /* BraveryOfQwanoesTests */,
				E2703DBA25FB8E9D00F374BA /* BraveryOfQwanoesUITests */,
			);
		};
/* End PBXProject section */

/* Begin PBXResourcesBuildPhase section */
		E2703D9825FB8E9B00F374BA /* Resources */ = {
			isa = PBXResourcesBuildPhase;
			buildActionMask = 2147483647;
			files = (
				E2703DAA25FB8E9C00F374BA /* LaunchScreen.storyboard in Resources */,
				E2176DC026022935004ED113 /* menuMusic.mp3 in Resources */,
				7788F06E2600DF3600E0A76A /* PartTwo.json in Resources */,
				7788F0692600DF1000E0A76A /* PartOne.json in Resources */,
				7788F0802600DFA600E0A76A /* PartFour.json in Resources */,
				7788F07B2600DF9100E0A76A /* PartThree.json in Resources */,
				E2176DCB26022D3F004ED113 /* comse2.mp3 in Resources */,
				E2176DCC26022D3F004ED113 /* startMusic.mp3 in Resources */,
				7788F0852600DFB900E0A76A /* PartFive.json in Resources */,
				E2703DA725FB8E9C00F374BA /* Assets.xcassets in Resources */,
				E2703DA525FB8E9B00F374BA /* Menu.storyboard in Resources */,
				77558CE525FF8E08003A74ED /* Configuration.storyboard in Resources */,
				77BB721E26012E8B00847E55 /* SueEllenFrancisco-Regular.ttf in Resources */,
				7788F0732600DF6F00E0A76A /* Introduction.json in Resources */,
			);
			runOnlyForDeploymentPostprocessing = 0;
		};
		E2703DAE25FB8E9D00F374BA /* Resources */ = {
			isa = PBXResourcesBuildPhase;
			buildActionMask = 2147483647;
			files = (
				77BB722226012E8D00847E55 /* SueEllenFrancisco-Regular.ttf in Resources */,
			);
			runOnlyForDeploymentPostprocessing = 0;
		};
		E2703DB925FB8E9D00F374BA /* Resources */ = {
			isa = PBXResourcesBuildPhase;
			buildActionMask = 2147483647;
			files = (
			);
			runOnlyForDeploymentPostprocessing = 0;
		};
/* End PBXResourcesBuildPhase section */

/* Begin PBXShellScriptBuildPhase section */
		E2703DD025FB991700F374BA /* ShellScript */ = {
			isa = PBXShellScriptBuildPhase;
			buildActionMask = 2147483647;
			files = (
			);
			inputFileListPaths = (
			);
			inputPaths = (
			);
			outputFileListPaths = (
			);
			outputPaths = (
			);
			runOnlyForDeploymentPostprocessing = 0;
			shellPath = /bin/sh;
			shellScript = "if which swiftlint >/dev/null; then\nswiftlint\nelse\necho \"warning: Swiftlint not installed, download from https://github.com/realm/SwiftLint\"\nfi\n";
		};
/* End PBXShellScriptBuildPhase section */

/* Begin PBXSourcesBuildPhase section */
		E2703D9625FB8E9B00F374BA /* Sources */ = {
			isa = PBXSourcesBuildPhase;
			buildActionMask = 2147483647;
			files = (
				77956C6225FBB2AB001B0789 /* Dialog.swift in Sources */,
				77956CA025FBB53B001B0789 /* EnceladusSystem.swift in Sources */,
				77956C9825FBB50B001B0789 /* EarthSystem.swift in Sources */,
				77956C6C25FBB356001B0789 /* PlayerControlComponent.swift in Sources */,
				77956C4425FBB1A2001B0789 /* GameViewController.swift in Sources */,
				E2703DA225FB8E9B00F374BA /* MenuViewController.swift in Sources */,
				774E12D32608E4D600CEFDAE /* FirstPuzzle.swift in Sources */,
				77BB721A26012DB600847E55 /* Fonts.swift in Sources */,
				77956C8825FBB3EB001B0789 /* SensorialComponent.swift in Sources */,
				77956C7625FBB389001B0789 /* SeaAnimatedComponent.swift in Sources */,
				77558CED25FF8EFE003A74ED /* ConfigurationViewController.swift in Sources */,
				7788F09A2600E39F00E0A76A /* HistoryData.swift in Sources */,
				77956C7B25FBB39D001B0789 /* RainAnimatedComponent.swift in Sources */,
				77956C3F25FBB142001B0789 /* EarthScene.swift in Sources */,
				77956C5325FBB265001B0789 /* Background.swift in Sources */,
				E256DDEF26038F5800E5E8B9 /* DynamicBackgroundComponent.swift in Sources */,
				E2703D9E25FB8E9B00F374BA /* AppDelegate.swift in Sources */,
				7788F0952600E30200E0A76A /* History.swift in Sources */,
				E2703DA025FB8E9B00F374BA /* SceneDelegate.swift in Sources */,
				77956C7125FBB370001B0789 /* CharacterBoatAnimatedComponent.swift in Sources */,
				771EC2C6260379CB0067C605 /* DialogSpriteComponents.swift in Sources */,
				77956C9225FBB456001B0789 /* EnceladusScene.swift in Sources */,
				77956C6725FBB338001B0789 /* SoundComponent.swift in Sources */,
				77956C5D25FBB297001B0789 /* Toten.swift in Sources */,
				E256DDDB260240D200E5E8B9 /* Colors.swift in Sources */,
				77956C8325FBB3D1001B0789 /* DialogsComponent.swift in Sources */,
				77956C5825FBB27F001B0789 /* Rain.swift in Sources */,
				77956C4925FBB1D0001B0789 /* CharacterBoat.swift in Sources */,
				77956C4E25FBB1FE001B0789 /* Sea.swift in Sources */,
			);
			runOnlyForDeploymentPostprocessing = 0;
		};
		E2703DAC25FB8E9D00F374BA /* Sources */ = {
			isa = PBXSourcesBuildPhase;
			buildActionMask = 2147483647;
			files = (
				7788F0A22600E84F00E0A76A /* HIstoryDataTests.swift in Sources */,
				7798DE85260238BF00F2913C /* DialogsComponentTests.swift in Sources */,
			);
			runOnlyForDeploymentPostprocessing = 0;
		};
		E2703DB725FB8E9D00F374BA /* Sources */ = {
			isa = PBXSourcesBuildPhase;
			buildActionMask = 2147483647;
			files = (
				E2703DC025FB8E9D00F374BA /* BraveryOfQwanoesUITests.swift in Sources */,
			);
			runOnlyForDeploymentPostprocessing = 0;
		};
/* End PBXSourcesBuildPhase section */

/* Begin PBXTargetDependency section */
		E2703DB225FB8E9D00F374BA /* PBXTargetDependency */ = {
			isa = PBXTargetDependency;
			target = E2703D9925FB8E9B00F374BA /* BraveryOfQwanoes */;
			targetProxy = E2703DB125FB8E9D00F374BA /* PBXContainerItemProxy */;
		};
		E2703DBD25FB8E9D00F374BA /* PBXTargetDependency */ = {
			isa = PBXTargetDependency;
			target = E2703D9925FB8E9B00F374BA /* BraveryOfQwanoes */;
			targetProxy = E2703DBC25FB8E9D00F374BA /* PBXContainerItemProxy */;
		};
/* End PBXTargetDependency section */

/* Begin PBXVariantGroup section */
		E2703DA325FB8E9B00F374BA /* Menu.storyboard */ = {
			isa = PBXVariantGroup;
			children = (
				E2703DA425FB8E9B00F374BA /* Base */,
			);
			name = Menu.storyboard;
			sourceTree = "<group>";
		};
		E2703DA825FB8E9C00F374BA /* LaunchScreen.storyboard */ = {
			isa = PBXVariantGroup;
			children = (
				E2703DA925FB8E9C00F374BA /* Base */,
			);
			name = LaunchScreen.storyboard;
			sourceTree = "<group>";
		};
/* End PBXVariantGroup section */

/* Begin XCBuildConfiguration section */
		E2703DC225FB8E9D00F374BA /* Debug */ = {
			isa = XCBuildConfiguration;
			buildSettings = {
				ALWAYS_SEARCH_USER_PATHS = NO;
				CLANG_ANALYZER_NONNULL = YES;
				CLANG_ANALYZER_NUMBER_OBJECT_CONVERSION = YES_AGGRESSIVE;
				CLANG_CXX_LANGUAGE_STANDARD = "gnu++14";
				CLANG_CXX_LIBRARY = "libc++";
				CLANG_ENABLE_MODULES = YES;
				CLANG_ENABLE_OBJC_ARC = YES;
				CLANG_ENABLE_OBJC_WEAK = YES;
				CLANG_WARN_BLOCK_CAPTURE_AUTORELEASING = YES;
				CLANG_WARN_BOOL_CONVERSION = YES;
				CLANG_WARN_COMMA = YES;
				CLANG_WARN_CONSTANT_CONVERSION = YES;
				CLANG_WARN_DEPRECATED_OBJC_IMPLEMENTATIONS = YES;
				CLANG_WARN_DIRECT_OBJC_ISA_USAGE = YES_ERROR;
				CLANG_WARN_DOCUMENTATION_COMMENTS = YES;
				CLANG_WARN_EMPTY_BODY = YES;
				CLANG_WARN_ENUM_CONVERSION = YES;
				CLANG_WARN_INFINITE_RECURSION = YES;
				CLANG_WARN_INT_CONVERSION = YES;
				CLANG_WARN_NON_LITERAL_NULL_CONVERSION = YES;
				CLANG_WARN_OBJC_IMPLICIT_RETAIN_SELF = YES;
				CLANG_WARN_OBJC_LITERAL_CONVERSION = YES;
				CLANG_WARN_OBJC_ROOT_CLASS = YES_ERROR;
				CLANG_WARN_QUOTED_INCLUDE_IN_FRAMEWORK_HEADER = YES;
				CLANG_WARN_RANGE_LOOP_ANALYSIS = YES;
				CLANG_WARN_STRICT_PROTOTYPES = YES;
				CLANG_WARN_SUSPICIOUS_MOVE = YES;
				CLANG_WARN_UNGUARDED_AVAILABILITY = YES_AGGRESSIVE;
				CLANG_WARN_UNREACHABLE_CODE = YES;
				CLANG_WARN__DUPLICATE_METHOD_MATCH = YES;
				COPY_PHASE_STRIP = NO;
				DEBUG_INFORMATION_FORMAT = dwarf;
				ENABLE_STRICT_OBJC_MSGSEND = YES;
				ENABLE_TESTABILITY = YES;
				GCC_C_LANGUAGE_STANDARD = gnu11;
				GCC_DYNAMIC_NO_PIC = NO;
				GCC_NO_COMMON_BLOCKS = YES;
				GCC_OPTIMIZATION_LEVEL = 0;
				GCC_PREPROCESSOR_DEFINITIONS = (
					"DEBUG=1",
					"$(inherited)",
				);
				GCC_WARN_64_TO_32_BIT_CONVERSION = YES;
				GCC_WARN_ABOUT_RETURN_TYPE = YES_ERROR;
				GCC_WARN_UNDECLARED_SELECTOR = YES;
				GCC_WARN_UNINITIALIZED_AUTOS = YES_AGGRESSIVE;
				GCC_WARN_UNUSED_FUNCTION = YES;
				GCC_WARN_UNUSED_VARIABLE = YES;
				IPHONEOS_DEPLOYMENT_TARGET = 14.4;
				MTL_ENABLE_DEBUG_INFO = INCLUDE_SOURCE;
				MTL_FAST_MATH = YES;
				ONLY_ACTIVE_ARCH = YES;
				SDKROOT = iphoneos;
				SWIFT_ACTIVE_COMPILATION_CONDITIONS = DEBUG;
				SWIFT_OPTIMIZATION_LEVEL = "-Onone";
			};
			name = Debug;
		};
		E2703DC325FB8E9D00F374BA /* Release */ = {
			isa = XCBuildConfiguration;
			buildSettings = {
				ALWAYS_SEARCH_USER_PATHS = NO;
				CLANG_ANALYZER_NONNULL = YES;
				CLANG_ANALYZER_NUMBER_OBJECT_CONVERSION = YES_AGGRESSIVE;
				CLANG_CXX_LANGUAGE_STANDARD = "gnu++14";
				CLANG_CXX_LIBRARY = "libc++";
				CLANG_ENABLE_MODULES = YES;
				CLANG_ENABLE_OBJC_ARC = YES;
				CLANG_ENABLE_OBJC_WEAK = YES;
				CLANG_WARN_BLOCK_CAPTURE_AUTORELEASING = YES;
				CLANG_WARN_BOOL_CONVERSION = YES;
				CLANG_WARN_COMMA = YES;
				CLANG_WARN_CONSTANT_CONVERSION = YES;
				CLANG_WARN_DEPRECATED_OBJC_IMPLEMENTATIONS = YES;
				CLANG_WARN_DIRECT_OBJC_ISA_USAGE = YES_ERROR;
				CLANG_WARN_DOCUMENTATION_COMMENTS = YES;
				CLANG_WARN_EMPTY_BODY = YES;
				CLANG_WARN_ENUM_CONVERSION = YES;
				CLANG_WARN_INFINITE_RECURSION = YES;
				CLANG_WARN_INT_CONVERSION = YES;
				CLANG_WARN_NON_LITERAL_NULL_CONVERSION = YES;
				CLANG_WARN_OBJC_IMPLICIT_RETAIN_SELF = YES;
				CLANG_WARN_OBJC_LITERAL_CONVERSION = YES;
				CLANG_WARN_OBJC_ROOT_CLASS = YES_ERROR;
				CLANG_WARN_QUOTED_INCLUDE_IN_FRAMEWORK_HEADER = YES;
				CLANG_WARN_RANGE_LOOP_ANALYSIS = YES;
				CLANG_WARN_STRICT_PROTOTYPES = YES;
				CLANG_WARN_SUSPICIOUS_MOVE = YES;
				CLANG_WARN_UNGUARDED_AVAILABILITY = YES_AGGRESSIVE;
				CLANG_WARN_UNREACHABLE_CODE = YES;
				CLANG_WARN__DUPLICATE_METHOD_MATCH = YES;
				COPY_PHASE_STRIP = NO;
				DEBUG_INFORMATION_FORMAT = "dwarf-with-dsym";
				ENABLE_NS_ASSERTIONS = NO;
				ENABLE_STRICT_OBJC_MSGSEND = YES;
				GCC_C_LANGUAGE_STANDARD = gnu11;
				GCC_NO_COMMON_BLOCKS = YES;
				GCC_WARN_64_TO_32_BIT_CONVERSION = YES;
				GCC_WARN_ABOUT_RETURN_TYPE = YES_ERROR;
				GCC_WARN_UNDECLARED_SELECTOR = YES;
				GCC_WARN_UNINITIALIZED_AUTOS = YES_AGGRESSIVE;
				GCC_WARN_UNUSED_FUNCTION = YES;
				GCC_WARN_UNUSED_VARIABLE = YES;
				IPHONEOS_DEPLOYMENT_TARGET = 14.4;
				MTL_ENABLE_DEBUG_INFO = NO;
				MTL_FAST_MATH = YES;
				SDKROOT = iphoneos;
				SWIFT_COMPILATION_MODE = wholemodule;
				SWIFT_OPTIMIZATION_LEVEL = "-O";
				VALIDATE_PRODUCT = YES;
			};
			name = Release;
		};
		E2703DC525FB8E9D00F374BA /* Debug */ = {
			isa = XCBuildConfiguration;
			buildSettings = {
				ASSETCATALOG_COMPILER_APPICON_NAME = AppIcon;
				ASSETCATALOG_COMPILER_GLOBAL_ACCENT_COLOR_NAME = AccentColor;
				CODE_SIGN_STYLE = Automatic;
				DEVELOPMENT_TEAM = 69Y77S7YQP;
				INFOPLIST_FILE = BraveryOfQwanoes/Info.plist;
				LD_RUNPATH_SEARCH_PATHS = (
					"$(inherited)",
					"@executable_path/Frameworks",
				);
				PRODUCT_BUNDLE_IDENTIFIER = com.andersonalencar.BraveryOfQwanoes;
				PRODUCT_NAME = "$(TARGET_NAME)";
				SWIFT_VERSION = 5.0;
				TARGETED_DEVICE_FAMILY = "1,2";
			};
			name = Debug;
		};
		E2703DC625FB8E9D00F374BA /* Release */ = {
			isa = XCBuildConfiguration;
			buildSettings = {
				ASSETCATALOG_COMPILER_APPICON_NAME = AppIcon;
				ASSETCATALOG_COMPILER_GLOBAL_ACCENT_COLOR_NAME = AccentColor;
				CODE_SIGN_STYLE = Automatic;
				DEVELOPMENT_TEAM = 69Y77S7YQP;
				INFOPLIST_FILE = BraveryOfQwanoes/Info.plist;
				LD_RUNPATH_SEARCH_PATHS = (
					"$(inherited)",
					"@executable_path/Frameworks",
				);
				PRODUCT_BUNDLE_IDENTIFIER = com.andersonalencar.BraveryOfQwanoes;
				PRODUCT_NAME = "$(TARGET_NAME)";
				SWIFT_VERSION = 5.0;
				TARGETED_DEVICE_FAMILY = "1,2";
			};
			name = Release;
		};
		E2703DC825FB8E9D00F374BA /* Debug */ = {
			isa = XCBuildConfiguration;
			buildSettings = {
				ALWAYS_EMBED_SWIFT_STANDARD_LIBRARIES = YES;
				BUNDLE_LOADER = "$(TEST_HOST)";
				CLANG_ENABLE_MODULES = YES;
				CODE_SIGN_STYLE = Automatic;
				DEVELOPMENT_TEAM = 3XAHB7RJJD;
				INFOPLIST_FILE = BraveryOfQwanoesTests/Info.plist;
				IPHONEOS_DEPLOYMENT_TARGET = 14.4;
				LD_RUNPATH_SEARCH_PATHS = (
					"$(inherited)",
					"@executable_path/Frameworks",
					"@loader_path/Frameworks",
				);
				PRODUCT_BUNDLE_IDENTIFIER = com.andersonalencar.BraveryOfQwanoesTests;
				PRODUCT_NAME = "$(TARGET_NAME)";
				SWIFT_OPTIMIZATION_LEVEL = "-Onone";
				SWIFT_VERSION = 5.0;
				TARGETED_DEVICE_FAMILY = "1,2";
				TEST_HOST = "$(BUILT_PRODUCTS_DIR)/BraveryOfQwanoes.app/BraveryOfQwanoes";
			};
			name = Debug;
		};
		E2703DC925FB8E9D00F374BA /* Release */ = {
			isa = XCBuildConfiguration;
			buildSettings = {
				ALWAYS_EMBED_SWIFT_STANDARD_LIBRARIES = YES;
				BUNDLE_LOADER = "$(TEST_HOST)";
				CLANG_ENABLE_MODULES = YES;
				CODE_SIGN_STYLE = Automatic;
				DEVELOPMENT_TEAM = 3XAHB7RJJD;
				INFOPLIST_FILE = BraveryOfQwanoesTests/Info.plist;
				IPHONEOS_DEPLOYMENT_TARGET = 14.4;
				LD_RUNPATH_SEARCH_PATHS = (
					"$(inherited)",
					"@executable_path/Frameworks",
					"@loader_path/Frameworks",
				);
				PRODUCT_BUNDLE_IDENTIFIER = com.andersonalencar.BraveryOfQwanoesTests;
				PRODUCT_NAME = "$(TARGET_NAME)";
				SWIFT_VERSION = 5.0;
				TARGETED_DEVICE_FAMILY = "1,2";
				TEST_HOST = "$(BUILT_PRODUCTS_DIR)/BraveryOfQwanoes.app/BraveryOfQwanoes";
			};
			name = Release;
		};
		E2703DCB25FB8E9D00F374BA /* Debug */ = {
			isa = XCBuildConfiguration;
			buildSettings = {
				ALWAYS_EMBED_SWIFT_STANDARD_LIBRARIES = YES;
				CODE_SIGN_STYLE = Automatic;
				DEVELOPMENT_TEAM = 3XAHB7RJJD;
				INFOPLIST_FILE = BraveryOfQwanoesUITests/Info.plist;
				LD_RUNPATH_SEARCH_PATHS = (
					"$(inherited)",
					"@executable_path/Frameworks",
					"@loader_path/Frameworks",
				);
				PRODUCT_BUNDLE_IDENTIFIER = com.andersonalencar.BraveryOfQwanoesUITests;
				PRODUCT_NAME = "$(TARGET_NAME)";
				SWIFT_VERSION = 5.0;
				TARGETED_DEVICE_FAMILY = "1,2";
				TEST_TARGET_NAME = BraveryOfQwanoes;
			};
			name = Debug;
		};
		E2703DCC25FB8E9D00F374BA /* Release */ = {
			isa = XCBuildConfiguration;
			buildSettings = {
				ALWAYS_EMBED_SWIFT_STANDARD_LIBRARIES = YES;
				CODE_SIGN_STYLE = Automatic;
				DEVELOPMENT_TEAM = 3XAHB7RJJD;
				INFOPLIST_FILE = BraveryOfQwanoesUITests/Info.plist;
				LD_RUNPATH_SEARCH_PATHS = (
					"$(inherited)",
					"@executable_path/Frameworks",
					"@loader_path/Frameworks",
				);
				PRODUCT_BUNDLE_IDENTIFIER = com.andersonalencar.BraveryOfQwanoesUITests;
				PRODUCT_NAME = "$(TARGET_NAME)";
				SWIFT_VERSION = 5.0;
				TARGETED_DEVICE_FAMILY = "1,2";
				TEST_TARGET_NAME = BraveryOfQwanoes;
			};
			name = Release;
		};
/* End XCBuildConfiguration section */

/* Begin XCConfigurationList section */
		E2703D9525FB8E9B00F374BA /* Build configuration list for PBXProject "BraveryOfQwanoes" */ = {
			isa = XCConfigurationList;
			buildConfigurations = (
				E2703DC225FB8E9D00F374BA /* Debug */,
				E2703DC325FB8E9D00F374BA /* Release */,
			);
			defaultConfigurationIsVisible = 0;
			defaultConfigurationName = Release;
		};
		E2703DC425FB8E9D00F374BA /* Build configuration list for PBXNativeTarget "BraveryOfQwanoes" */ = {
			isa = XCConfigurationList;
			buildConfigurations = (
				E2703DC525FB8E9D00F374BA /* Debug */,
				E2703DC625FB8E9D00F374BA /* Release */,
			);
			defaultConfigurationIsVisible = 0;
			defaultConfigurationName = Release;
		};
		E2703DC725FB8E9D00F374BA /* Build configuration list for PBXNativeTarget "BraveryOfQwanoesTests" */ = {
			isa = XCConfigurationList;
			buildConfigurations = (
				E2703DC825FB8E9D00F374BA /* Debug */,
				E2703DC925FB8E9D00F374BA /* Release */,
			);
			defaultConfigurationIsVisible = 0;
			defaultConfigurationName = Release;
		};
		E2703DCA25FB8E9D00F374BA /* Build configuration list for PBXNativeTarget "BraveryOfQwanoesUITests" */ = {
			isa = XCConfigurationList;
			buildConfigurations = (
				E2703DCB25FB8E9D00F374BA /* Debug */,
				E2703DCC25FB8E9D00F374BA /* Release */,
			);
			defaultConfigurationIsVisible = 0;
			defaultConfigurationName = Release;
		};
/* End XCConfigurationList section */
	};
	rootObject = E2703D9225FB8E9B00F374BA /* Project object */;
}
